# THIS IS AN AUTOGENERATED FILE. DO NOT EDIT THIS FILE DIRECTLY.
# yarn lockfile v1


"@types/ramda@0.26.21":
  version "0.26.21"
  resolved "https://registry.yarnpkg.com/@types/ramda/-/ramda-0.26.21.tgz#cfd552c679453d153a9e2fd89ffc5dd5aa93d2c9"
  integrity sha512-zMYtIZMceA6BvH+or6LmewLBgojbXg5+FGCwjO8K+Z+d/ZWxILmhhASXkehW0PqJL+V0QbyDeeAHix0dvEKXfQ==
  dependencies:
    ts-toolbelt "^3.8.4"

ramda@0.26.1:
  version "0.26.1"
  resolved "https://registry.yarnpkg.com/ramda/-/ramda-0.26.1.tgz#8d41351eb8111c55353617fc3bbffad8e4d35d06"
  integrity sha512-hLWjpy7EnsDBb0p+Z3B7rPi3GDeRG5ZtiI33kJhTt+ORCd38AbAIjB/9zRIUoeTbE/AVX5ZkU7m6bznsvrf8eQ==

ts-toolbelt@^3.8.4:
  version "3.8.63"
  resolved "https://registry.yarnpkg.com/ts-toolbelt/-/ts-toolbelt-3.8.63.tgz#ee5a94a5d870f437bc6811f7428ea24c78821f6a"
  integrity sha512-OlsFC8uF1mpN2O7DlvSkgnXzOvubO790eFhTvZBFI+WLge2BYzkQk73Q3yF0R8usxhkqbemLomqRhCGWasoIKw==

typescript@3.6.2:
  version "3.6.2"
  resolved "https://registry.yarnpkg.com/typescript/-/typescript-3.6.2.tgz#105b0f1934119dde543ac8eb71af3a91009efe54"
  integrity sha512-lmQ4L+J6mnu3xweP8+rOrUwzmN+MRAj7TgtJtDaXE5PMyX2kCrklhg3rvOsOIfNeAWMQWO2F1GPc1kMD2vLAfw==
